
Microsoft Visual Studio Solution File, Format Version 12.00
# Visual Studio Version 16
VisualStudioVersion = 16.0.31112.23
MinimumVisualStudioVersion = 10.0.40219.1
Project("{FAE04EC0-301F-11D3-BF4B-00C04F79EFBC}") = "WebAPI", "WebAPI\WebAPI.csproj", "{81DAC749-9EA7-4B13-9E51-7E2B8303EFB5}"
EndProject
Global
	GlobalSection(SolutionConfigurationPlatforms) = preSolution
		Debug|Any CPU = Debug|Any CPU
		Release|Any CPU = Release|Any CPU
	EndGlobalSection
	GlobalSection(ProjectConfigurationPlatforms) = postSolution
		{81DAC749-9EA7-4B13-9E51-7E2B8303EFB5}.Debug|Any CPU.ActiveCfg = Debug|Any CPU
		{81DAC749-9EA7-4B13-9E51-7E2B8303EFB5}.Debug|Any CPU.Build.0 = Debug|Any CPU
		{81DAC749-9EA7-4B13-9E51-7E2B8303EFB5}.Release|Any CPU.ActiveCfg = Release|Any CPU
		{81DAC749-9EA7-4B13-9E51-7E2B8303EFB5}.Release|Any CPU.Build.0 = Release|Any CPU
	EndGlobalSection
	GlobalSection(SolutionProperties) = preSolution
		HideSolutionNode = FALSE
	EndGlobalSection
	GlobalSection(ExtensibilityGlobals) = postSolution
		SolutionGuid = {B9FF499A-60E5-4689-BCAE-FD3E13BC1128}
	EndGlobalSection
EndGlobal
